
Microsoft Visual Studio Solution File, Format Version 12.00
# Visual Studio Version 16
VisualStudioVersion = 16.0.31019.35
MinimumVisualStudioVersion = 10.0.40219.1
Project("{888888A0-9F3D-457C-B088-3A5042F75D52}") = "BTCTradingBot", "BTCTradingBot.pyproj", "{E5DE69F7-44AB-4B64-B99E-3B99965C4C98}"
EndProject
Global
	GlobalSection(SolutionConfigurationPlatforms) = preSolution
		Debug|Any CPU = Debug|Any CPU
		Release|Any CPU = Release|Any CPU
	EndGlobalSection
	GlobalSection(ProjectConfigurationPlatforms) = postSolution
		{E5DE69F7-44AB-4B64-B99E-3B99965C4C98}.Debug|Any CPU.ActiveCfg = Debug|Any CPU
		{E5DE69F7-44AB-4B64-B99E-3B99965C4C98}.Release|Any CPU.ActiveCfg = Release|Any CPU
	EndGlobalSection
	GlobalSection(SolutionProperties) = preSolution
		HideSolutionNode = FALSE
	EndGlobalSection
	GlobalSection(ExtensibilityGlobals) = postSolution
		SolutionGuid = {AE48C394-FF2B-4AFA-A52B-C3695BE350D6}
	EndGlobalSection
EndGlobal
